
Microsoft Visual Studio Solution File, Format Version 12.00
# Visual Studio Version 17
VisualStudioVersion = 17.5.002.0
MinimumVisualStudioVersion = 10.0.40219.1
Project("{9A19103F-16F7-4668-BE54-9A1E7A4F7556}") = "NinetiesTV", "NinetiesTV.csproj", "{441D3654-8EDD-4043-A1E5-2EB01F7A0428}"
EndProject
Global
	GlobalSection(SolutionConfigurationPlatforms) = preSolution
		Debug|Any CPU = Debug|Any CPU
		Release|Any CPU = Release|Any CPU
	EndGlobalSection
	GlobalSection(ProjectConfigurationPlatforms) = postSolution
		{441D3654-8EDD-4043-A1E5-2EB01F7A0428}.Debug|Any CPU.ActiveCfg = Debug|Any CPU
		{441D3654-8EDD-4043-A1E5-2EB01F7A0428}.Debug|Any CPU.Build.0 = Debug|Any CPU
		{441D3654-8EDD-4043-A1E5-2EB01F7A0428}.Release|Any CPU.ActiveCfg = Release|Any CPU
		{441D3654-8EDD-4043-A1E5-2EB01F7A0428}.Release|Any CPU.Build.0 = Release|Any CPU
	EndGlobalSection
	GlobalSection(SolutionProperties) = preSolution
		HideSolutionNode = FALSE
	EndGlobalSection
	GlobalSection(ExtensibilityGlobals) = postSolution
		SolutionGuid = {BBCBA874-5320-4574-B3EE-DED17172C500}
	EndGlobalSection
EndGlobal
